
Microsoft Visual Studio Solution File, Format Version 12.00
# Visual Studio Version 16
VisualStudioVersion = 16.0.31313.79
MinimumVisualStudioVersion = 10.0.40219.1
Project("{FAE04EC0-301F-11D3-BF4B-00C04F79EFBC}") = "ClickyApp", "ClickyApp.csproj", "{79E83AC5-BFF6-4302-BCFF-449C2C9DC2E1}"
EndProject
Global
	GlobalSection(SolutionConfigurationPlatforms) = preSolution
		Debug|Any CPU = Debug|Any CPU
		Release|Any CPU = Release|Any CPU
	EndGlobalSection
	GlobalSection(ProjectConfigurationPlatforms) = postSolution
		{79E83AC5-BFF6-4302-BCFF-449C2C9DC2E1}.Debug|Any CPU.ActiveCfg = Debug|Any CPU
		{79E83AC5-BFF6-4302-BCFF-449C2C9DC2E1}.Debug|Any CPU.Build.0 = Debug|Any CPU
		{79E83AC5-BFF6-4302-BCFF-449C2C9DC2E1}.Release|Any CPU.ActiveCfg = Release|Any CPU
		{79E83AC5-BFF6-4302-BCFF-449C2C9DC2E1}.Release|Any CPU.Build.0 = Release|Any CPU
	EndGlobalSection
	GlobalSection(SolutionProperties) = preSolution
		HideSolutionNode = FALSE
	EndGlobalSection
	GlobalSection(ExtensibilityGlobals) = postSolution
		SolutionGuid = {2FBB83CF-149A-444C-8AF8-6B4ED53332DD}
	EndGlobalSection
EndGlobal
